
Microsoft Visual Studio Solution File, Format Version 12.00
Project("{FAE04EC0-301F-11D3-BF4B-00C04F79EFBC}") = "Week 5 Assignments", "Week 5 Assignments\Week 5 Assignments.csproj", "{CC09A631-5544-4B0B-8821-067FE4056875}"
EndProject
Global
	GlobalSection(SolutionConfigurationPlatforms) = preSolution
		Debug|Any CPU = Debug|Any CPU
		Release|Any CPU = Release|Any CPU
	EndGlobalSection
	GlobalSection(ProjectConfigurationPlatforms) = postSolution
		{CC09A631-5544-4B0B-8821-067FE4056875}.Debug|Any CPU.ActiveCfg = Debug|Any CPU
		{CC09A631-5544-4B0B-8821-067FE4056875}.Debug|Any CPU.Build.0 = Debug|Any CPU
		{CC09A631-5544-4B0B-8821-067FE4056875}.Release|Any CPU.ActiveCfg = Release|Any CPU
		{CC09A631-5544-4B0B-8821-067FE4056875}.Release|Any CPU.Build.0 = Release|Any CPU
	EndGlobalSection
EndGlobal
